PODS:
  - AFNetworking (3.1.0):
    - AFNetworking/NSURLSession (= 3.1.0)
    - AFNetworking/Reachability (= 3.1.0)
    - AFNetworking/Security (= 3.1.0)
    - AFNetworking/Serialization (= 3.1.0)
    - AFNetworking/UIKit (= 3.1.0)
  - AFNetworking/NSURLSession (3.1.0):
    - AFNetworking/Reachability
    - AFNetworking/Security
    - AFNetworking/Serialization
  - AFNetworking/Reachability (3.1.0)
  - AFNetworking/Security (3.1.0)
  - AFNetworking/Serialization (3.1.0)
  - AFNetworking/UIKit (3.1.0):
    - AFNetworking/NSURLSession
  - AliyunOSSiOS (2.7.0)
  - Masonry (1.1.0)
  - MJExtension (3.0.13)
  - MLLabel (1.10.5)
  - Reachability (3.2)
  - SDAutoLayout (2.2.0)
  - SDWebImage (4.2.2):
    - SDWebImage/Core (= 4.2.2)
  - SDWebImage/Core (4.2.2)
  - TZImagePickerController (1.9.5)
  - YYKit (1.0.9):
    - YYKit/no-arc (= 1.0.9)
  - YYKit/no-arc (1.0.9)
  - YYText (1.0.7)

DEPENDENCIES:
  - AFNetworking
  - AliyunOSSiOS
  - Masonry
  - MJExtension
  - MLLabel
  - Reachability
  - SDAutoLayout
  - SDWebImage
  - TZImagePickerController
  - YYKit
  - YYText

SPEC CHECKSUMS:
  AFNetworking: 5e0e199f73d8626b11e79750991f5d173d1f8b67
  AliyunOSSiOS: d7535c7f38530e09fd7b7dc31d780fe601421616
  Masonry: 678fab65091a9290e40e2832a55e7ab731aad201
  MJExtension: 5932755f451458eefa24239358817f8d291240c7
  MLLabel: d76124055a2205e7f76878e62cd06ba925ba0c97
  Reachability: 33e18b67625424e47b6cde6d202dce689ad7af96
  SDAutoLayout: c5509e77ae75735d9a39f7bc83dba6d3f75d49d8
  SDWebImage: 89a9d32cd520bbb46eb14e541d5109b3564af198
  TZImagePickerController: 3f735f4ad5ca6a292a762216d404f9d7a83adad4
  YYKit: 7cda43304a8dc3696c449041e2cb3107b4e236e7
  YYText: 5c461d709e24d55a182d1441c41dc639a18a4849

PODFILE CHECKSUM: 8093024991e344f9a581d910faacb60f20563803

COCOAPODS: 1.4.0.beta.1
